
Microsoft Visual Studio Solution File, Format Version 12.00
# Visual Studio 14
VisualStudioVersion = 14.0.24720.0
MinimumVisualStudioVersion = 10.0.40219.1
Project("{FAE04EC0-301F-11D3-BF4B-00C04F79EFBC}") = "Brjozik", "Brjozik\Brjozik.csproj", "{0270FAF6-A0FB-4669-8254-52C751E57341}"
EndProject
Project("{FAE04EC0-301F-11D3-BF4B-00C04F79EFBC}") = "Engine", "Engine\Engine.csproj", "{88F7B851-549D-4F79-A4A8-08D303F135C3}"
EndProject
Global
	GlobalSection(SolutionConfigurationPlatforms) = preSolution
		Debug|Any CPU = Debug|Any CPU
		Release|Any CPU = Release|Any CPU
	EndGlobalSection
	GlobalSection(ProjectConfigurationPlatforms) = postSolution
		{0270FAF6-A0FB-4669-8254-52C751E57341}.Debug|Any CPU.ActiveCfg = Debug|Any CPU
		{0270FAF6-A0FB-4669-8254-52C751E57341}.Debug|Any CPU.Build.0 = Debug|Any CPU
		{0270FAF6-A0FB-4669-8254-52C751E57341}.Release|Any CPU.ActiveCfg = Release|Any CPU
		{0270FAF6-A0FB-4669-8254-52C751E57341}.Release|Any CPU.Build.0 = Release|Any CPU
		{88F7B851-549D-4F79-A4A8-08D303F135C3}.Debug|Any CPU.ActiveCfg = Debug|Any CPU
		{88F7B851-549D-4F79-A4A8-08D303F135C3}.Debug|Any CPU.Build.0 = Debug|Any CPU
		{88F7B851-549D-4F79-A4A8-08D303F135C3}.Release|Any CPU.ActiveCfg = Release|Any CPU
		{88F7B851-549D-4F79-A4A8-08D303F135C3}.Release|Any CPU.Build.0 = Release|Any CPU
	EndGlobalSection
	GlobalSection(SolutionProperties) = preSolution
		HideSolutionNode = FALSE
	EndGlobalSection
EndGlobal
