
Microsoft Visual Studio Solution File, Format Version 12.00
# Visual Studio 2013
VisualStudioVersion = 12.0.21005.1
MinimumVisualStudioVersion = 10.0.40219.1
Project("{FAE04EC0-301F-11D3-BF4B-00C04F79EFBC}") = "Game", "Game\Game.csproj", "{ACFBCE8B-13DD-4514-8B72-8248030A419A}"
EndProject
Project("{FAE04EC0-301F-11D3-BF4B-00C04F79EFBC}") = "Game.Engine", "Game.Engine\Game.Engine.csproj", "{0D778373-3C59-4BF5-808E-188A53AD5D53}"
EndProject
Project("{F088123C-0E9E-452A-89E6-6BA2F21D5CAC}") = "ModelingProject1", "ModelingProject1\ModelingProject1.modelproj", "{4F430436-0F94-4013-BCE0-D3CD04493E05}"
EndProject
Project("{FAE04EC0-301F-11D3-BF4B-00C04F79EFBC}") = "Tests", "Tests\Tests.csproj", "{35A99A0F-F438-4C0C-8A45-619AB1C8C7FD}"
EndProject
Project("{FAE04EC0-301F-11D3-BF4B-00C04F79EFBC}") = "MapVisualization", "WindowsFormsApplication1\MapVisualization.csproj", "{EBDA7C4B-4B0A-427E-BE57-E6607CBBF75C}"
EndProject
Project("{2150E333-8FDC-42A3-9474-1A3956D46DE8}") = "Solution Items", "Solution Items", "{69F5135A-8D95-4DD8-9A15-E9AE3D81D500}"
	ProjectSection(SolutionItems) = preProject
		Performance1.psess = Performance1.psess
	EndProjectSection
EndProject
Global
	GlobalSection(SolutionConfigurationPlatforms) = preSolution
		Debug|Any CPU = Debug|Any CPU
		Debug|Mixed Platforms = Debug|Mixed Platforms
		Debug|x86 = Debug|x86
		Release|Any CPU = Release|Any CPU
		Release|Mixed Platforms = Release|Mixed Platforms
		Release|x86 = Release|x86
	EndGlobalSection
	GlobalSection(ProjectConfigurationPlatforms) = postSolution
		{ACFBCE8B-13DD-4514-8B72-8248030A419A}.Debug|Any CPU.ActiveCfg = Debug|x86
		{ACFBCE8B-13DD-4514-8B72-8248030A419A}.Debug|Mixed Platforms.ActiveCfg = Debug|x86
		{ACFBCE8B-13DD-4514-8B72-8248030A419A}.Debug|Mixed Platforms.Build.0 = Debug|x86
		{ACFBCE8B-13DD-4514-8B72-8248030A419A}.Debug|x86.ActiveCfg = Debug|x86
		{ACFBCE8B-13DD-4514-8B72-8248030A419A}.Debug|x86.Build.0 = Debug|x86
		{ACFBCE8B-13DD-4514-8B72-8248030A419A}.Release|Any CPU.ActiveCfg = Release|x86
		{ACFBCE8B-13DD-4514-8B72-8248030A419A}.Release|Mixed Platforms.ActiveCfg = Release|x86
		{ACFBCE8B-13DD-4514-8B72-8248030A419A}.Release|Mixed Platforms.Build.0 = Release|x86
		{ACFBCE8B-13DD-4514-8B72-8248030A419A}.Release|x86.ActiveCfg = Release|x86
		{ACFBCE8B-13DD-4514-8B72-8248030A419A}.Release|x86.Build.0 = Release|x86
		{0D778373-3C59-4BF5-808E-188A53AD5D53}.Debug|Any CPU.ActiveCfg = Debug|Any CPU
		{0D778373-3C59-4BF5-808E-188A53AD5D53}.Debug|Any CPU.Build.0 = Debug|Any CPU
		{0D778373-3C59-4BF5-808E-188A53AD5D53}.Debug|Mixed Platforms.ActiveCfg = Debug|Any CPU
		{0D778373-3C59-4BF5-808E-188A53AD5D53}.Debug|Mixed Platforms.Build.0 = Debug|Any CPU
		{0D778373-3C59-4BF5-808E-188A53AD5D53}.Debug|x86.ActiveCfg = Debug|Any CPU
		{0D778373-3C59-4BF5-808E-188A53AD5D53}.Release|Any CPU.ActiveCfg = Release|Any CPU
		{0D778373-3C59-4BF5-808E-188A53AD5D53}.Release|Any CPU.Build.0 = Release|Any CPU
		{0D778373-3C59-4BF5-808E-188A53AD5D53}.Release|Mixed Platforms.ActiveCfg = Release|Any CPU
		{0D778373-3C59-4BF5-808E-188A53AD5D53}.Release|Mixed Platforms.Build.0 = Release|Any CPU
		{0D778373-3C59-4BF5-808E-188A53AD5D53}.Release|x86.ActiveCfg = Release|Any CPU
		{4F430436-0F94-4013-BCE0-D3CD04493E05}.Debug|Any CPU.ActiveCfg = Debug|Any CPU
		{4F430436-0F94-4013-BCE0-D3CD04493E05}.Debug|Any CPU.Build.0 = Debug|Any CPU
		{4F430436-0F94-4013-BCE0-D3CD04493E05}.Debug|Mixed Platforms.ActiveCfg = Debug|Any CPU
		{4F430436-0F94-4013-BCE0-D3CD04493E05}.Debug|Mixed Platforms.Build.0 = Debug|Any CPU
		{4F430436-0F94-4013-BCE0-D3CD04493E05}.Debug|x86.ActiveCfg = Debug|Any CPU
		{4F430436-0F94-4013-BCE0-D3CD04493E05}.Release|Any CPU.ActiveCfg = Release|Any CPU
		{4F430436-0F94-4013-BCE0-D3CD04493E05}.Release|Any CPU.Build.0 = Release|Any CPU
		{4F430436-0F94-4013-BCE0-D3CD04493E05}.Release|Mixed Platforms.ActiveCfg = Release|Any CPU
		{4F430436-0F94-4013-BCE0-D3CD04493E05}.Release|Mixed Platforms.Build.0 = Release|Any CPU
		{4F430436-0F94-4013-BCE0-D3CD04493E05}.Release|x86.ActiveCfg = Release|Any CPU
		{35A99A0F-F438-4C0C-8A45-619AB1C8C7FD}.Debug|Any CPU.ActiveCfg = Debug|Any CPU
		{35A99A0F-F438-4C0C-8A45-619AB1C8C7FD}.Debug|Any CPU.Build.0 = Debug|Any CPU
		{35A99A0F-F438-4C0C-8A45-619AB1C8C7FD}.Debug|Mixed Platforms.ActiveCfg = Debug|Any CPU
		{35A99A0F-F438-4C0C-8A45-619AB1C8C7FD}.Debug|Mixed Platforms.Build.0 = Debug|Any CPU
		{35A99A0F-F438-4C0C-8A45-619AB1C8C7FD}.Debug|x86.ActiveCfg = Debug|Any CPU
		{35A99A0F-F438-4C0C-8A45-619AB1C8C7FD}.Release|Any CPU.ActiveCfg = Release|Any CPU
		{35A99A0F-F438-4C0C-8A45-619AB1C8C7FD}.Release|Any CPU.Build.0 = Release|Any CPU
		{35A99A0F-F438-4C0C-8A45-619AB1C8C7FD}.Release|Mixed Platforms.ActiveCfg = Release|Any CPU
		{35A99A0F-F438-4C0C-8A45-619AB1C8C7FD}.Release|Mixed Platforms.Build.0 = Release|Any CPU
		{35A99A0F-F438-4C0C-8A45-619AB1C8C7FD}.Release|x86.ActiveCfg = Release|Any CPU
		{EBDA7C4B-4B0A-427E-BE57-E6607CBBF75C}.Debug|Any CPU.ActiveCfg = Debug|Any CPU
		{EBDA7C4B-4B0A-427E-BE57-E6607CBBF75C}.Debug|Any CPU.Build.0 = Debug|Any CPU
		{EBDA7C4B-4B0A-427E-BE57-E6607CBBF75C}.Debug|Mixed Platforms.ActiveCfg = Debug|Any CPU
		{EBDA7C4B-4B0A-427E-BE57-E6607CBBF75C}.Debug|Mixed Platforms.Build.0 = Debug|Any CPU
		{EBDA7C4B-4B0A-427E-BE57-E6607CBBF75C}.Debug|x86.ActiveCfg = Debug|Any CPU
		{EBDA7C4B-4B0A-427E-BE57-E6607CBBF75C}.Release|Any CPU.ActiveCfg = Release|Any CPU
		{EBDA7C4B-4B0A-427E-BE57-E6607CBBF75C}.Release|Any CPU.Build.0 = Release|Any CPU
		{EBDA7C4B-4B0A-427E-BE57-E6607CBBF75C}.Release|Mixed Platforms.ActiveCfg = Release|Any CPU
		{EBDA7C4B-4B0A-427E-BE57-E6607CBBF75C}.Release|Mixed Platforms.Build.0 = Release|Any CPU
		{EBDA7C4B-4B0A-427E-BE57-E6607CBBF75C}.Release|x86.ActiveCfg = Release|Any CPU
	EndGlobalSection
	GlobalSection(SolutionProperties) = preSolution
		HideSolutionNode = FALSE
	EndGlobalSection
	GlobalSection(Performance) = preSolution
		HasPerformanceSessions = true
	EndGlobalSection
EndGlobal
